
Microsoft Visual Studio Solution File, Format Version 12.00
# Visual Studio Version 17
VisualStudioVersion = 17.1.32407.343
MinimumVisualStudioVersion = 10.0.40219.1
Project("{FAE04EC0-301F-11D3-BF4B-00C04F79EFBC}") = "MemoryHierarchySimulator", "MemoryHierarchySimulator.csproj", "{81DA4167-4B15-4C9A-BEB6-A7587D38F8F6}"
EndProject
Global
	GlobalSection(SolutionConfigurationPlatforms) = preSolution
		Debug|Any CPU = Debug|Any CPU
		Release|Any CPU = Release|Any CPU
	EndGlobalSection
	GlobalSection(ProjectConfigurationPlatforms) = postSolution
		{81DA4167-4B15-4C9A-BEB6-A7587D38F8F6}.Debug|Any CPU.ActiveCfg = Debug|Any CPU
		{81DA4167-4B15-4C9A-BEB6-A7587D38F8F6}.Debug|Any CPU.Build.0 = Debug|Any CPU
		{81DA4167-4B15-4C9A-BEB6-A7587D38F8F6}.Release|Any CPU.ActiveCfg = Release|Any CPU
		{81DA4167-4B15-4C9A-BEB6-A7587D38F8F6}.Release|Any CPU.Build.0 = Release|Any CPU
	EndGlobalSection
	GlobalSection(SolutionProperties) = preSolution
		HideSolutionNode = FALSE
	EndGlobalSection
	GlobalSection(ExtensibilityGlobals) = postSolution
		SolutionGuid = {4FC139B4-CE83-41F7-86B6-F25BED0EB259}
	EndGlobalSection
EndGlobal
